<?xml version="1.0" encoding="utf-8"?>
<Project ToolsVersion="4.0" xmlns="http://schemas.microsoft.com/developer/msbuild/2003">
  <ItemGroup>
    <Filter Include="源文件">
      <UniqueIdentifier>{4FC737F1-C7A5-4376-A066-2A32D752A2FF}</UniqueIdentifier>
      <Extensions>cpp;c;cc;cxx;def;odl;idl;hpj;bat;asm;asmx</Extensions>
    </Filter>
    <Filter Include="头文件">
      <UniqueIdentifier>{93995380-89BD-4b04-88EB-625FBE52EBFB}</UniqueIdentifier>
      <Extensions>h;hpp;hxx;hm;inl;inc;xsd</Extensions>
    </Filter>
    <Filter Include="资源文件">
      <UniqueIdentifier>{67DA6AB6-F800-4c08-8B7A-83BB121AAD01}</UniqueIdentifier>
      <Extensions>rc;ico;cur;bmp;dlg;rc2;rct;bin;rgs;gif;jpg;jpeg;jpe;resx;tiff;tif;png;wav;mfcribbon-ms</Extensions>
    </Filter>
    <Filter Include="Frontend">
      <UniqueIdentifier>{d068b984-17d1-4e54-b7fc-512571ac026b}</UniqueIdentifier>
    </Filter>
    <Filter Include="Shared">
      <UniqueIdentifier>{2e881379-c21f-4714-a57a-a19ae4f9a510}</UniqueIdentifier>
    </Filter>
  </ItemGroup>
  <ItemGroup>
    <None Include="ReadMe.txt" />
  </ItemGroup>
  <ItemGroup>
    <ClInclude Include="stdafx.h">
      <Filter>头文件</Filter>
    </ClInclude>
    <ClInclude Include="targetver.h">
      <Filter>头文件</Filter>
    </ClInclude>
    <ClInclude Include="Frontend\Config.h">
      <Filter>Frontend</Filter>
    </ClInclude>
    <ClInclude Include="Frontend\DebugEvent.h">
      <Filter>Frontend</Filter>
    </ClInclude>
    <ClInclude Include="Frontend\DebugFrontend.h">
      <Filter>Frontend</Filter>
    </ClInclude>
    <ClInclude Include="Frontend\LineMapper.h">
      <Filter>Frontend</Filter>
    </ClInclude>
    <ClInclude Include="Frontend\Project.h">
      <Filter>Frontend</Filter>
    </ClInclude>
    <ClInclude Include="Frontend\Symbol.h">
      <Filter>Frontend</Filter>
    </ClInclude>
    <ClInclude Include="Frontend\Tokenizer.h">
      <Filter>Frontend</Filter>
    </ClInclude>
    <ClInclude Include="Frontend\XmlUtility.h">
      <Filter>Frontend</Filter>
    </ClInclude>
    <ClInclude Include="Shared\Channel.h">
      <Filter>Shared</Filter>
    </ClInclude>
    <ClInclude Include="Shared\CriticalSection.h">
      <Filter>Shared</Filter>
    </ClInclude>
    <ClInclude Include="Shared\CriticalSectionLock.h">
      <Filter>Shared</Filter>
    </ClInclude>
    <ClInclude Include="Shared\CriticalSectionTryLock.h">
      <Filter>Shared</Filter>
    </ClInclude>
    <ClInclude Include="Shared\Protocol.h">
      <Filter>Shared</Filter>
    </ClInclude>
    <ClInclude Include="Shared\StlUtility.h">
      <Filter>Shared</Filter>
    </ClInclude>
    <ClInclude Include="Decoda.h">
      <Filter>头文件</Filter>
    </ClInclude>
    <ClInclude Include="resource.h">
      <Filter>头文件</Filter>
    </ClInclude>
    <ClInclude Include="Log.h">
      <Filter>头文件</Filter>
    </ClInclude>
    <ClInclude Include="CharacterProcess.h">
      <Filter>头文件</Filter>
    </ClInclude>
    <ClInclude Include="Frontend\MainFrame.h">
      <Filter>Frontend</Filter>
    </ClInclude>
    <ClInclude Include="CrashDump.h">
      <Filter>头文件</Filter>
    </ClInclude>
  </ItemGroup>
  <ItemGroup>
    <ClCompile Include="stdafx.cpp">
      <Filter>源文件</Filter>
    </ClCompile>
    <ClCompile Include="Decoda.cpp">
      <Filter>源文件</Filter>
    </ClCompile>
    <ClCompile Include="dllmain.cpp">
      <Filter>源文件</Filter>
    </ClCompile>
    <ClCompile Include="Frontend\Config.cpp">
      <Filter>Frontend</Filter>
    </ClCompile>
    <ClCompile Include="Frontend\DebugEvent.cpp">
      <Filter>Frontend</Filter>
    </ClCompile>
    <ClCompile Include="Frontend\DebugFrontend.cpp">
      <Filter>Frontend</Filter>
    </ClCompile>
    <ClCompile Include="Frontend\LineMapper.cpp">
      <Filter>Frontend</Filter>
    </ClCompile>
    <ClCompile Include="Frontend\Project.cpp">
      <Filter>Frontend</Filter>
    </ClCompile>
    <ClCompile Include="Frontend\Symbol.cpp">
      <Filter>Frontend</Filter>
    </ClCompile>
    <ClCompile Include="Frontend\Tokenizer.cpp">
      <Filter>Frontend</Filter>
    </ClCompile>
    <ClCompile Include="Frontend\XmlUtility.cpp">
      <Filter>Frontend</Filter>
    </ClCompile>
    <ClCompile Include="Shared\Channel.cpp">
      <Filter>Shared</Filter>
    </ClCompile>
    <ClCompile Include="Shared\CriticalSection.cpp">
      <Filter>Shared</Filter>
    </ClCompile>
    <ClCompile Include="Shared\CriticalSectionLock.cpp">
      <Filter>Shared</Filter>
    </ClCompile>
    <ClCompile Include="Shared\CriticalSectionTryLock.cpp">
      <Filter>Shared</Filter>
    </ClCompile>
    <ClCompile Include="Shared\StlUtility.cpp">
      <Filter>Shared</Filter>
    </ClCompile>
    <ClCompile Include="Log.cpp">
      <Filter>源文件</Filter>
    </ClCompile>
    <ClCompile Include="CharacterProcess.cpp">
      <Filter>源文件</Filter>
    </ClCompile>
    <ClCompile Include="Frontend\MainFrame.cpp">
      <Filter>Frontend</Filter>
    </ClCompile>
    <ClCompile Include="CrashDump.cpp">
      <Filter>源文件</Filter>
    </ClCompile>
  </ItemGroup>
  <ItemGroup>
    <ResourceCompile Include="Decoda.rc">
      <Filter>资源文件</Filter>
    </ResourceCompile>
  </ItemGroup>
</Project>