<?xml version="1.0" encoding="utf-8"?>
<Project ToolsVersion="4.0" xmlns="http://schemas.microsoft.com/developer/msbuild/2003">
  <ItemGroup>
    <Filter Include="Header Files">
      <UniqueIdentifier>{56F29D9F-EE8C-3B41-8DC5-6938EAF9D11E}</UniqueIdentifier>
    </Filter>
    <Filter Include="Source Files">
      <UniqueIdentifier>{ED461596-F4C8-CE47-9565-E941634FF7F2}</UniqueIdentifier>
    </Filter>
    <Filter Include="Shared">
      <UniqueIdentifier>{f2304fbc-8649-425e-86ba-ef8c1bb60ce4}</UniqueIdentifier>
    </Filter>
  </ItemGroup>
  <ItemGroup>
    <ClCompile Include="LuaInject\DebugBackend.cpp">
      <Filter>Source Files</Filter>
    </ClCompile>
    <ClCompile Include="LuaInject\DebugHelp.cpp">
      <Filter>Source Files</Filter>
    </ClCompile>
    <ClCompile Include="LuaInject\Hook.cpp">
      <Filter>Source Files</Filter>
    </ClCompile>
    <ClCompile Include="LuaInject\LuaCheckStack.cpp">
      <Filter>Source Files</Filter>
    </ClCompile>
    <ClCompile Include="LuaInject\LuaDll.cpp">
      <Filter>Source Files</Filter>
    </ClCompile>
    <ClCompile Include="LuaInject\StdCall.cpp">
      <Filter>Source Files</Filter>
    </ClCompile>
    <ClCompile Include="LuaInject\Main.cpp">
      <Filter>Source Files</Filter>
    </ClCompile>
    <ClCompile Include="LuaInject\XmlUtility.cpp">
      <Filter>Source Files</Filter>
    </ClCompile>
    <ClCompile Include="Shared\Channel.cpp">
      <Filter>Shared</Filter>
    </ClCompile>
    <ClCompile Include="Shared\CriticalSection.cpp">
      <Filter>Shared</Filter>
    </ClCompile>
    <ClCompile Include="Shared\CriticalSectionLock.cpp">
      <Filter>Shared</Filter>
    </ClCompile>
    <ClCompile Include="Shared\CriticalSectionTryLock.cpp">
      <Filter>Shared</Filter>
    </ClCompile>
    <ClCompile Include="Shared\StlUtility.cpp">
      <Filter>Shared</Filter>
    </ClCompile>
    <ClCompile Include="LuaInject\BabeLua.cpp">
      <Filter>Source Files</Filter>
    </ClCompile>
  </ItemGroup>
  <ItemGroup>
    <ClInclude Include="LuaInject\DebugBackend.h">
      <Filter>Header Files</Filter>
    </ClInclude>
    <ClInclude Include="LuaInject\DebugHelp.h">
      <Filter>Header Files</Filter>
    </ClInclude>
    <ClInclude Include="LuaInject\Hook.h">
      <Filter>Header Files</Filter>
    </ClInclude>
    <ClInclude Include="LuaInject\LuaCheckStack.h">
      <Filter>Header Files</Filter>
    </ClInclude>
    <ClInclude Include="LuaInject\LuaDll.h">
      <Filter>Header Files</Filter>
    </ClInclude>
    <ClInclude Include="LuaInject\StdCall.h">
      <Filter>Header Files</Filter>
    </ClInclude>
    <ClInclude Include="LuaInject\XmlUtility.h">
      <Filter>Header Files</Filter>
    </ClInclude>
    <ClInclude Include="Shared\Channel.h">
      <Filter>Shared</Filter>
    </ClInclude>
    <ClInclude Include="Shared\CriticalSection.h">
      <Filter>Shared</Filter>
    </ClInclude>
    <ClInclude Include="Shared\CriticalSectionLock.h">
      <Filter>Shared</Filter>
    </ClInclude>
    <ClInclude Include="Shared\CriticalSectionTryLock.h">
      <Filter>Shared</Filter>
    </ClInclude>
    <ClInclude Include="Shared\Protocol.h">
      <Filter>Shared</Filter>
    </ClInclude>
    <ClInclude Include="Shared\StlUtility.h">
      <Filter>Shared</Filter>
    </ClInclude>
    <ClInclude Include="LuaInject\BabeLua.h">
      <Filter>Header Files</Filter>
    </ClInclude>
    <ClInclude Include="resource1.h" />
  </ItemGroup>
  <ItemGroup>
    <ResourceCompile Include="LuaInject.rc" />
  </ItemGroup>
</Project>